<?xml version="1.0" encoding="utf-8"?>
<Project ToolsVersion="4.0" xmlns="http://schemas.microsoft.com/developer/msbuild/2003">
  <ItemGroup>
    <Filter Include="EsromeEngine">
      <UniqueIdentifier>{065B4061-F2BD-CF05-9B43-08BC87859B88}</UniqueIdentifier>
    </Filter>
  </ItemGroup>
  <ItemGroup>
    <ClInclude Include="src\EsromeEngine.h" />
    <ClInclude Include="src\EsromeEngine\Application.h">
      <Filter>EsromeEngine</Filter>
    </ClInclude>
    <ClInclude Include="src\EsromeEngine\Core.h">
      <Filter>EsromeEngine</Filter>
    </ClInclude>
    <ClInclude Include="src\EsromeEngine\EntryPoint.h">
      <Filter>EsromeEngine</Filter>
    </ClInclude>
    <ClInclude Include="src\EsromeEngine\Log.h">
      <Filter>EsromeEngine</Filter>
    </ClInclude>
  </ItemGroup>
  <ItemGroup>
    <ClCompile Include="src\EsromeEngine\Application.cpp">
      <Filter>EsromeEngine</Filter>
    </ClCompile>
    <ClCompile Include="src\EsromeEngine\Log.cpp">
      <Filter>EsromeEngine</Filter>
    </ClCompile>
  </ItemGroup>
</Project>